{
    "_readme": [
        "This file locks the dependencies of your project to a known state",
        "Read more about it at http://getcomposer.org/doc/01-basic-usage.md#composer-lock-the-lock-file"
    ],
    "hash": "908df922ba4a52bdaa86d65967f499bf",
    "packages": [
        {
            "name": "dflydev/markdown",
            "version": "dev-master",
            "source": {
                "type": "git",
                "url": "https://github.com/dflydev/dflydev-markdown.git",
                "reference": "6baed9b50f29c980795b6656d43722aadb126f7e"
            },
            "dist": {
                "type": "zip",
                "url": "https://api.github.com/repos/dflydev/dflydev-markdown/zipball/6baed9b50f29c980795b6656d43722aadb126f7e",
                "reference": "6baed9b50f29c980795b6656d43722aadb126f7e",
                "shasum": ""
            },
            "require": {
                "php": ">=5.3"
            },
            "type": "library",
            "extra": {
                "branch-alias": {
                    "dev-master": "1.0-dev"
                }
            },
            "autoload": {
                "psr-0": {
                    "dflydev\\markdown": "src"
                }
            },
            "notification-url": "https://packagist.org/downloads/",
            "license": [
                "BSD-3-Clause"
            ],
            "authors": [
                {
                    "name": "Dragonfly Development Inc.",
                    "email": "info@dflydev.com",
                    "homepage": "http://dflydev.com"
                },
                {
                    "name": "Beau Simensen",
                    "email": "beau@dflydev.com",
                    "homepage": "http://beausimensen.com"
                },
                {
                    "name": "Michel Fortin",
                    "homepage": "http://michelf.com"
                },
                {
                    "name": "John Gruber",
                    "homepage": "http://daringfireball.net"
                }
            ],
            "description": "PHP Markdown & Extra",
            "homepage": "http://github.com/dflydev/dflydev-markdown",
            "keywords": [
                "markdown"
            ],
            "time": "2013-09-23 12:00:18"
        },
        {
            "name": "galen/blog-simple",
            "version": "dev-master",
            "source": {
                "type": "git",
                "url": "https://github.com/galen/BlogSimple.git",
                "reference": "e5f22295ff1ac4076769c44f07465d127dcd5c6b"
            },
            "dist": {
                "type": "zip",
                "url": "https://api.github.com/repos/galen/BlogSimple/zipball/e5f22295ff1ac4076769c44f07465d127dcd5c6b",
                "reference": "e5f22295ff1ac4076769c44f07465d127dcd5c6b",
                "shasum": ""
            },
            "require": {
                "php": ">=5.3.0"
            },
            "type": "library",
            "autoload": {
                "psr-0": {
                    "BlogSimple": "."
                }
            },
            "notification-url": "https://packagist.org/downloads/",
            "license": [
                "MIT"
            ],
            "authors": [
                {
                    "name": "Galen Grover",
                    "email": "galenjr@gmail.com",
                    "homepage": "http://www.galengrover.com",
                    "role": "Developer"
                }
            ],
            "description": "Blog library for developers",
            "homepage": "https://github.com/galen/BlogSimple",
            "keywords": [
                "blog",
                "blogging"
            ],
            "time": "2013-09-26 17:33:07"
        },
        {
            "name": "galen/validator",
            "version": "dev-master",
            "source": {
                "type": "git",
                "url": "https://github.com/galen/Validator.git",
                "reference": "bf58fd965cd0db82ff96fbf1fffd991a71c0f882"
            },
            "dist": {
                "type": "zip",
                "url": "https://api.github.com/repos/galen/Validator/zipball/bf58fd965cd0db82ff96fbf1fffd991a71c0f882",
                "reference": "bf58fd965cd0db82ff96fbf1fffd991a71c0f882",
                "shasum": ""
            },
            "require": {
                "php": ">=5.3.0"
            },
            "type": "library",
            "autoload": {
                "psr-0": {
                    "Validator": "."
                }
            },
            "notification-url": "https://packagist.org/downloads/",
            "license": [
                "MIT"
            ],
            "authors": [
                {
                    "name": "Galen Grover",
                    "email": "galenjr@gmail.com",
                    "homepage": "http://www.galengrover.com",
                    "role": "Developer"
                }
            ],
            "description": "PHP Validation library",
            "homepage": "https://github.com/galen/Validator",
            "keywords": [
                "validation",
                "validator"
            ],
            "time": "2013-09-26 03:30:30"
        },
        {
            "name": "slim/slim",
            "version": "2.3.1",
            "source": {
                "type": "git",
                "url": "https://github.com/codeguy/Slim.git",
                "reference": "2e540cc392644b9b5cdcc57e5576db5a92ca2149"
            },
            "dist": {
                "type": "zip",
                "url": "https://api.github.com/repos/codeguy/Slim/zipball/2e540cc392644b9b5cdcc57e5576db5a92ca2149",
                "reference": "2e540cc392644b9b5cdcc57e5576db5a92ca2149",
                "shasum": ""
            },
            "require": {
                "ext-mcrypt": "*",
                "php": ">=5.3.0"
            },
            "type": "library",
            "autoload": {
                "psr-0": {
                    "Slim": "."
                }
            },
            "notification-url": "https://packagist.org/downloads/",
            "license": [
                "MIT"
            ],
            "authors": [
                {
                    "name": "Josh Lockhart",
                    "email": "info@joshlockhart.com",
                    "homepage": "http://www.joshlockhart.com/"
                }
            ],
            "description": "Slim Framework, a PHP micro framework",
            "homepage": "http://github.com/codeguy/Slim",
            "keywords": [
                "microframework",
                "rest",
                "router"
            ],
            "time": "2013-07-20 18:38:05"
        }
    ],
    "packages-dev": [

    ],
    "aliases": [

    ],
    "minimum-stability": "stable",
    "stability-flags": {
        "dflydev/markdown": 20,
        "galen/validator": 20,
        "galen/blog-simple": 20
    },
    "platform": [

    ],
    "platform-dev": [

    ]
}
